
Microsoft Visual Studio Solution File, Format Version 12.00
# Visual Studio Version 16
VisualStudioVersion = 16.0.29709.97
MinimumVisualStudioVersion = 10.0.40219.1
Project("{8BC9CEB8-8B4A-11D0-8D11-00A0C91BC942}") = "Punteros_1", "Punteros_1.vcxproj", "{5CA69460-8468-4DF2-9189-AAA76BEFD6CA}"
EndProject
Project("{8BC9CEB8-8B4A-11D0-8D11-00A0C91BC942}") = "Par_impar", "..\Par_impar\Par_impar.vcxproj", "{DCD3362B-DA0D-4A18-AC25-995F07AB7AC0}"
EndProject
Project("{8BC9CEB8-8B4A-11D0-8D11-00A0C91BC942}") = "Primalidad", "..\Primalidad\Primalidad.vcxproj", "{E93C79C9-3A60-4248-8A69-59B9A3DCC1F6}"
EndProject
Project("{8BC9CEB8-8B4A-11D0-8D11-00A0C91BC942}") = "Arrays_punteros", "..\Arrays_punteros\Arrays_punteros.vcxproj", "{B7C6B14A-C9B9-4F98-BE37-6954633AAD64}"
EndProject
Project("{8BC9CEB8-8B4A-11D0-8D11-00A0C91BC942}") = "Valor_miinimo", "..\Valor_miinimo\Valor_miinimo.vcxproj", "{915E9C32-EC37-4837-9C59-D045C9E8F438}"
EndProject
Project("{8BC9CEB8-8B4A-11D0-8D11-00A0C91BC942}") = "Dinamica_1", "..\Dinamica_1\Dinamica_1.vcxproj", "{975F6975-9D89-485C-A905-20BA7C6EAB23}"
EndProject
Project("{8BC9CEB8-8B4A-11D0-8D11-00A0C91BC942}") = "Transmision", "..\Transmision\Transmision.vcxproj", "{DFC9EE65-E916-4F61-B6B5-123FA1032A68}"
EndProject
Project("{8BC9CEB8-8B4A-11D0-8D11-00A0C91BC942}") = "Transmision_arreglos", "..\Transmision_arreglos\Transmision_arreglos.vcxproj", "{CFA86921-B78E-41E1-B201-A64D108AD35C}"
EndProject
Project("{8BC9CEB8-8B4A-11D0-8D11-00A0C91BC942}") = "Seleccion", "..\..\Ordenacion\Seleccion\Seleccion.vcxproj", "{2A17BB97-113A-4212-B48B-4290C11190E4}"
EndProject
Project("{8BC9CEB8-8B4A-11D0-8D11-00A0C91BC942}") = "Orden_Arreglo", "..\Orden_Arreglo\Orden_Arreglo.vcxproj", "{CE9225E3-0740-4259-BEDF-8576920B9CF6}"
EndProject
Project("{8BC9CEB8-8B4A-11D0-8D11-00A0C91BC942}") = "Busqueda", "..\Busqueda\Busqueda.vcxproj", "{24391B7F-3E53-4B56-B0AD-F7210E1B8F4E}"
EndProject
Project("{8BC9CEB8-8B4A-11D0-8D11-00A0C91BC942}") = "Contar_vocales", "..\Contar_vocales\Contar_vocales.vcxproj", "{F0120A10-8FA9-4E10-8857-AEDB276AB19F}"
EndProject
Project("{8BC9CEB8-8B4A-11D0-8D11-00A0C91BC942}") = "Contar_vocales_2", "..\Contar_vocales_2\Contar_vocales_2.vcxproj", "{FAD5F27F-674E-46F7-B7BB-295EE1E0C7CB}"
EndProject
Project("{8BC9CEB8-8B4A-11D0-8D11-00A0C91BC942}") = "Matriz_dinamica", "..\Matriz_dinamica\Matriz_dinamica.vcxproj", "{E8CDFEB5-A08F-4D59-8A1B-C3C023913B09}"
EndProject
Project("{8BC9CEB8-8B4A-11D0-8D11-00A0C91BC942}") = "Suma_dinamica", "..\Suma_dinamica\Suma_dinamica.vcxproj", "{1D5023E9-5D23-4699-B77E-20FAEDBB6FAF}"
EndProject
Project("{8BC9CEB8-8B4A-11D0-8D11-00A0C91BC942}") = "Traspuesta", "..\Traspuesta\Traspuesta.vcxproj", "{A0B3FA7F-4597-42CA-9D65-3C950B881270}"
EndProject
Global
	GlobalSection(SolutionConfigurationPlatforms) = preSolution
		Debug|x64 = Debug|x64
		Debug|x86 = Debug|x86
		Release|x64 = Release|x64
		Release|x86 = Release|x86
	EndGlobalSection
	GlobalSection(ProjectConfigurationPlatforms) = postSolution
		{5CA69460-8468-4DF2-9189-AAA76BEFD6CA}.Debug|x64.ActiveCfg = Debug|x64
		{5CA69460-8468-4DF2-9189-AAA76BEFD6CA}.Debug|x64.Build.0 = Debug|x64
		{5CA69460-8468-4DF2-9189-AAA76BEFD6CA}.Debug|x86.ActiveCfg = Debug|Win32
		{5CA69460-8468-4DF2-9189-AAA76BEFD6CA}.Debug|x86.Build.0 = Debug|Win32
		{5CA69460-8468-4DF2-9189-AAA76BEFD6CA}.Release|x64.ActiveCfg = Release|x64
		{5CA69460-8468-4DF2-9189-AAA76BEFD6CA}.Release|x64.Build.0 = Release|x64
		{5CA69460-8468-4DF2-9189-AAA76BEFD6CA}.Release|x86.ActiveCfg = Release|Win32
		{5CA69460-8468-4DF2-9189-AAA76BEFD6CA}.Release|x86.Build.0 = Release|Win32
		{DCD3362B-DA0D-4A18-AC25-995F07AB7AC0}.Debug|x64.ActiveCfg = Debug|x64
		{DCD3362B-DA0D-4A18-AC25-995F07AB7AC0}.Debug|x64.Build.0 = Debug|x64
		{DCD3362B-DA0D-4A18-AC25-995F07AB7AC0}.Debug|x86.ActiveCfg = Debug|Win32
		{DCD3362B-DA0D-4A18-AC25-995F07AB7AC0}.Debug|x86.Build.0 = Debug|Win32
		{DCD3362B-DA0D-4A18-AC25-995F07AB7AC0}.Release|x64.ActiveCfg = Release|x64
		{DCD3362B-DA0D-4A18-AC25-995F07AB7AC0}.Release|x64.Build.0 = Release|x64
		{DCD3362B-DA0D-4A18-AC25-995F07AB7AC0}.Release|x86.ActiveCfg = Release|Win32
		{DCD3362B-DA0D-4A18-AC25-995F07AB7AC0}.Release|x86.Build.0 = Release|Win32
		{E93C79C9-3A60-4248-8A69-59B9A3DCC1F6}.Debug|x64.ActiveCfg = Debug|x64
		{E93C79C9-3A60-4248-8A69-59B9A3DCC1F6}.Debug|x64.Build.0 = Debug|x64
		{E93C79C9-3A60-4248-8A69-59B9A3DCC1F6}.Debug|x86.ActiveCfg = Debug|Win32
		{E93C79C9-3A60-4248-8A69-59B9A3DCC1F6}.Debug|x86.Build.0 = Debug|Win32
		{E93C79C9-3A60-4248-8A69-59B9A3DCC1F6}.Release|x64.ActiveCfg = Release|x64
		{E93C79C9-3A60-4248-8A69-59B9A3DCC1F6}.Release|x64.Build.0 = Release|x64
		{E93C79C9-3A60-4248-8A69-59B9A3DCC1F6}.Release|x86.ActiveCfg = Release|Win32
		{E93C79C9-3A60-4248-8A69-59B9A3DCC1F6}.Release|x86.Build.0 = Release|Win32
		{B7C6B14A-C9B9-4F98-BE37-6954633AAD64}.Debug|x64.ActiveCfg = Debug|x64
		{B7C6B14A-C9B9-4F98-BE37-6954633AAD64}.Debug|x64.Build.0 = Debug|x64
		{B7C6B14A-C9B9-4F98-BE37-6954633AAD64}.Debug|x86.ActiveCfg = Debug|Win32
		{B7C6B14A-C9B9-4F98-BE37-6954633AAD64}.Debug|x86.Build.0 = Debug|Win32
		{B7C6B14A-C9B9-4F98-BE37-6954633AAD64}.Release|x64.ActiveCfg = Release|x64
		{B7C6B14A-C9B9-4F98-BE37-6954633AAD64}.Release|x64.Build.0 = Release|x64
		{B7C6B14A-C9B9-4F98-BE37-6954633AAD64}.Release|x86.ActiveCfg = Release|Win32
		{B7C6B14A-C9B9-4F98-BE37-6954633AAD64}.Release|x86.Build.0 = Release|Win32
		{915E9C32-EC37-4837-9C59-D045C9E8F438}.Debug|x64.ActiveCfg = Debug|x64
		{915E9C32-EC37-4837-9C59-D045C9E8F438}.Debug|x64.Build.0 = Debug|x64
		{915E9C32-EC37-4837-9C59-D045C9E8F438}.Debug|x86.ActiveCfg = Debug|Win32
		{915E9C32-EC37-4837-9C59-D045C9E8F438}.Debug|x86.Build.0 = Debug|Win32
		{915E9C32-EC37-4837-9C59-D045C9E8F438}.Release|x64.ActiveCfg = Release|x64
		{915E9C32-EC37-4837-9C59-D045C9E8F438}.Release|x64.Build.0 = Release|x64
		{915E9C32-EC37-4837-9C59-D045C9E8F438}.Release|x86.ActiveCfg = Release|Win32
		{915E9C32-EC37-4837-9C59-D045C9E8F438}.Release|x86.Build.0 = Release|Win32
		{975F6975-9D89-485C-A905-20BA7C6EAB23}.Debug|x64.ActiveCfg = Debug|x64
		{975F6975-9D89-485C-A905-20BA7C6EAB23}.Debug|x64.Build.0 = Debug|x64
		{975F6975-9D89-485C-A905-20BA7C6EAB23}.Debug|x86.ActiveCfg = Debug|Win32
		{975F6975-9D89-485C-A905-20BA7C6EAB23}.Debug|x86.Build.0 = Debug|Win32
		{975F6975-9D89-485C-A905-20BA7C6EAB23}.Release|x64.ActiveCfg = Release|x64
		{975F6975-9D89-485C-A905-20BA7C6EAB23}.Release|x64.Build.0 = Release|x64
		{975F6975-9D89-485C-A905-20BA7C6EAB23}.Release|x86.ActiveCfg = Release|Win32
		{975F6975-9D89-485C-A905-20BA7C6EAB23}.Release|x86.Build.0 = Release|Win32
		{DFC9EE65-E916-4F61-B6B5-123FA1032A68}.Debug|x64.ActiveCfg = Debug|x64
		{DFC9EE65-E916-4F61-B6B5-123FA1032A68}.Debug|x64.Build.0 = Debug|x64
		{DFC9EE65-E916-4F61-B6B5-123FA1032A68}.Debug|x86.ActiveCfg = Debug|Win32
		{DFC9EE65-E916-4F61-B6B5-123FA1032A68}.Debug|x86.Build.0 = Debug|Win32
		{DFC9EE65-E916-4F61-B6B5-123FA1032A68}.Release|x64.ActiveCfg = Release|x64
		{DFC9EE65-E916-4F61-B6B5-123FA1032A68}.Release|x64.Build.0 = Release|x64
		{DFC9EE65-E916-4F61-B6B5-123FA1032A68}.Release|x86.ActiveCfg = Release|Win32
		{DFC9EE65-E916-4F61-B6B5-123FA1032A68}.Release|x86.Build.0 = Release|Win32
		{CFA86921-B78E-41E1-B201-A64D108AD35C}.Debug|x64.ActiveCfg = Debug|x64
		{CFA86921-B78E-41E1-B201-A64D108AD35C}.Debug|x64.Build.0 = Debug|x64
		{CFA86921-B78E-41E1-B201-A64D108AD35C}.Debug|x86.ActiveCfg = Debug|Win32
		{CFA86921-B78E-41E1-B201-A64D108AD35C}.Debug|x86.Build.0 = Debug|Win32
		{CFA86921-B78E-41E1-B201-A64D108AD35C}.Release|x64.ActiveCfg = Release|x64
		{CFA86921-B78E-41E1-B201-A64D108AD35C}.Release|x64.Build.0 = Release|x64
		{CFA86921-B78E-41E1-B201-A64D108AD35C}.Release|x86.ActiveCfg = Release|Win32
		{CFA86921-B78E-41E1-B201-A64D108AD35C}.Release|x86.Build.0 = Release|Win32
		{2A17BB97-113A-4212-B48B-4290C11190E4}.Debug|x64.ActiveCfg = Debug|x64
		{2A17BB97-113A-4212-B48B-4290C11190E4}.Debug|x64.Build.0 = Debug|x64
		{2A17BB97-113A-4212-B48B-4290C11190E4}.Debug|x86.ActiveCfg = Debug|Win32
		{2A17BB97-113A-4212-B48B-4290C11190E4}.Debug|x86.Build.0 = Debug|Win32
		{2A17BB97-113A-4212-B48B-4290C11190E4}.Release|x64.ActiveCfg = Release|x64
		{2A17BB97-113A-4212-B48B-4290C11190E4}.Release|x64.Build.0 = Release|x64
		{2A17BB97-113A-4212-B48B-4290C11190E4}.Release|x86.ActiveCfg = Release|Win32
		{2A17BB97-113A-4212-B48B-4290C11190E4}.Release|x86.Build.0 = Release|Win32
		{CE9225E3-0740-4259-BEDF-8576920B9CF6}.Debug|x64.ActiveCfg = Debug|x64
		{CE9225E3-0740-4259-BEDF-8576920B9CF6}.Debug|x64.Build.0 = Debug|x64
		{CE9225E3-0740-4259-BEDF-8576920B9CF6}.Debug|x86.ActiveCfg = Debug|Win32
		{CE9225E3-0740-4259-BEDF-8576920B9CF6}.Debug|x86.Build.0 = Debug|Win32
		{CE9225E3-0740-4259-BEDF-8576920B9CF6}.Release|x64.ActiveCfg = Release|x64
		{CE9225E3-0740-4259-BEDF-8576920B9CF6}.Release|x64.Build.0 = Release|x64
		{CE9225E3-0740-4259-BEDF-8576920B9CF6}.Release|x86.ActiveCfg = Release|Win32
		{CE9225E3-0740-4259-BEDF-8576920B9CF6}.Release|x86.Build.0 = Release|Win32
		{24391B7F-3E53-4B56-B0AD-F7210E1B8F4E}.Debug|x64.ActiveCfg = Debug|x64
		{24391B7F-3E53-4B56-B0AD-F7210E1B8F4E}.Debug|x64.Build.0 = Debug|x64
		{24391B7F-3E53-4B56-B0AD-F7210E1B8F4E}.Debug|x86.ActiveCfg = Debug|Win32
		{24391B7F-3E53-4B56-B0AD-F7210E1B8F4E}.Debug|x86.Build.0 = Debug|Win32
		{24391B7F-3E53-4B56-B0AD-F7210E1B8F4E}.Release|x64.ActiveCfg = Release|x64
		{24391B7F-3E53-4B56-B0AD-F7210E1B8F4E}.Release|x64.Build.0 = Release|x64
		{24391B7F-3E53-4B56-B0AD-F7210E1B8F4E}.Release|x86.ActiveCfg = Release|Win32
		{24391B7F-3E53-4B56-B0AD-F7210E1B8F4E}.Release|x86.Build.0 = Release|Win32
		{F0120A10-8FA9-4E10-8857-AEDB276AB19F}.Debug|x64.ActiveCfg = Debug|x64
		{F0120A10-8FA9-4E10-8857-AEDB276AB19F}.Debug|x64.Build.0 = Debug|x64
		{F0120A10-8FA9-4E10-8857-AEDB276AB19F}.Debug|x86.ActiveCfg = Debug|Win32
		{F0120A10-8FA9-4E10-8857-AEDB276AB19F}.Debug|x86.Build.0 = Debug|Win32
		{F0120A10-8FA9-4E10-8857-AEDB276AB19F}.Release|x64.ActiveCfg = Release|x64
		{F0120A10-8FA9-4E10-8857-AEDB276AB19F}.Release|x64.Build.0 = Release|x64
		{F0120A10-8FA9-4E10-8857-AEDB276AB19F}.Release|x86.ActiveCfg = Release|Win32
		{F0120A10-8FA9-4E10-8857-AEDB276AB19F}.Release|x86.Build.0 = Release|Win32
		{FAD5F27F-674E-46F7-B7BB-295EE1E0C7CB}.Debug|x64.ActiveCfg = Debug|x64
		{FAD5F27F-674E-46F7-B7BB-295EE1E0C7CB}.Debug|x64.Build.0 = Debug|x64
		{FAD5F27F-674E-46F7-B7BB-295EE1E0C7CB}.Debug|x86.ActiveCfg = Debug|Win32
		{FAD5F27F-674E-46F7-B7BB-295EE1E0C7CB}.Debug|x86.Build.0 = Debug|Win32
		{FAD5F27F-674E-46F7-B7BB-295EE1E0C7CB}.Release|x64.ActiveCfg = Release|x64
		{FAD5F27F-674E-46F7-B7BB-295EE1E0C7CB}.Release|x64.Build.0 = Release|x64
		{FAD5F27F-674E-46F7-B7BB-295EE1E0C7CB}.Release|x86.ActiveCfg = Release|Win32
		{FAD5F27F-674E-46F7-B7BB-295EE1E0C7CB}.Release|x86.Build.0 = Release|Win32
		{E8CDFEB5-A08F-4D59-8A1B-C3C023913B09}.Debug|x64.ActiveCfg = Debug|x64
		{E8CDFEB5-A08F-4D59-8A1B-C3C023913B09}.Debug|x64.Build.0 = Debug|x64
		{E8CDFEB5-A08F-4D59-8A1B-C3C023913B09}.Debug|x86.ActiveCfg = Debug|Win32
		{E8CDFEB5-A08F-4D59-8A1B-C3C023913B09}.Debug|x86.Build.0 = Debug|Win32
		{E8CDFEB5-A08F-4D59-8A1B-C3C023913B09}.Release|x64.ActiveCfg = Release|x64
		{E8CDFEB5-A08F-4D59-8A1B-C3C023913B09}.Release|x64.Build.0 = Release|x64
		{E8CDFEB5-A08F-4D59-8A1B-C3C023913B09}.Release|x86.ActiveCfg = Release|Win32
		{E8CDFEB5-A08F-4D59-8A1B-C3C023913B09}.Release|x86.Build.0 = Release|Win32
		{1D5023E9-5D23-4699-B77E-20FAEDBB6FAF}.Debug|x64.ActiveCfg = Debug|x64
		{1D5023E9-5D23-4699-B77E-20FAEDBB6FAF}.Debug|x64.Build.0 = Debug|x64
		{1D5023E9-5D23-4699-B77E-20FAEDBB6FAF}.Debug|x86.ActiveCfg = Debug|Win32
		{1D5023E9-5D23-4699-B77E-20FAEDBB6FAF}.Debug|x86.Build.0 = Debug|Win32
		{1D5023E9-5D23-4699-B77E-20FAEDBB6FAF}.Release|x64.ActiveCfg = Release|x64
		{1D5023E9-5D23-4699-B77E-20FAEDBB6FAF}.Release|x64.Build.0 = Release|x64
		{1D5023E9-5D23-4699-B77E-20FAEDBB6FAF}.Release|x86.ActiveCfg = Release|Win32
		{1D5023E9-5D23-4699-B77E-20FAEDBB6FAF}.Release|x86.Build.0 = Release|Win32
		{A0B3FA7F-4597-42CA-9D65-3C950B881270}.Debug|x64.ActiveCfg = Debug|x64
		{A0B3FA7F-4597-42CA-9D65-3C950B881270}.Debug|x64.Build.0 = Debug|x64
		{A0B3FA7F-4597-42CA-9D65-3C950B881270}.Debug|x86.ActiveCfg = Debug|Win32
		{A0B3FA7F-4597-42CA-9D65-3C950B881270}.Debug|x86.Build.0 = Debug|Win32
		{A0B3FA7F-4597-42CA-9D65-3C950B881270}.Release|x64.ActiveCfg = Release|x64
		{A0B3FA7F-4597-42CA-9D65-3C950B881270}.Release|x64.Build.0 = Release|x64
		{A0B3FA7F-4597-42CA-9D65-3C950B881270}.Release|x86.ActiveCfg = Release|Win32
		{A0B3FA7F-4597-42CA-9D65-3C950B881270}.Release|x86.Build.0 = Release|Win32
	EndGlobalSection
	GlobalSection(SolutionProperties) = preSolution
		HideSolutionNode = FALSE
	EndGlobalSection
	GlobalSection(ExtensibilityGlobals) = postSolution
		SolutionGuid = {28B0C40C-C5FC-4D04-8CE6-DA93A6D9C143}
	EndGlobalSection
EndGlobal
