
Microsoft Visual Studio Solution File, Format Version 12.00
# Visual Studio Version 16
VisualStudioVersion = 16.0.29709.97
MinimumVisualStudioVersion = 10.0.40219.1
Project("{8BC9CEB8-8B4A-11D0-8D11-00A0C91BC942}") = "Punteros_1", "Punteros_1.vcxproj", "{5CA69460-8468-4DF2-9189-AAA76BEFD6CA}"
EndProject
Project("{8BC9CEB8-8B4A-11D0-8D11-00A0C91BC942}") = "Par_impar", "..\Par_impar\Par_impar.vcxproj", "{DCD3362B-DA0D-4A18-AC25-995F07AB7AC0}"
EndProject
Project("{8BC9CEB8-8B4A-11D0-8D11-00A0C91BC942}") = "Primalidad", "..\Primalidad\Primalidad.vcxproj", "{E93C79C9-3A60-4248-8A69-59B9A3DCC1F6}"
EndProject
Project("{8BC9CEB8-8B4A-11D0-8D11-00A0C91BC942}") = "Arrays_punteros", "..\Arrays_punteros\Arrays_punteros.vcxproj", "{B7C6B14A-C9B9-4F98-BE37-6954633AAD64}"
EndProject
Project("{8BC9CEB8-8B4A-11D0-8D11-00A0C91BC942}") = "Valor_miinimo", "..\Valor_miinimo\Valor_miinimo.vcxproj", "{915E9C32-EC37-4837-9C59-D045C9E8F438}"
EndProject
Project("{8BC9CEB8-8B4A-11D0-8D11-00A0C91BC942}") = "Dinamica_1", "..\Dinamica_1\Dinamica_1.vcxproj", "{975F6975-9D89-485C-A905-20BA7C6EAB23}"
EndProject
Project("{8BC9CEB8-8B4A-11D0-8D11-00A0C91BC942}") = "Transmision", "..\Transmision\Transmision.vcxproj", "{DFC9EE65-E916-4F61-B6B5-123FA1032A68}"
EndProject
Global
	GlobalSection(SolutionConfigurationPlatforms) = preSolution
		Debug|x64 = Debug|x64
		Debug|x86 = Debug|x86
		Release|x64 = Release|x64
		Release|x86 = Release|x86
	EndGlobalSection
	GlobalSection(ProjectConfigurationPlatforms) = postSolution
		{5CA69460-8468-4DF2-9189-AAA76BEFD6CA}.Debug|x64.ActiveCfg = Debug|x64
		{5CA69460-8468-4DF2-9189-AAA76BEFD6CA}.Debug|x64.Build.0 = Debug|x64
		{5CA69460-8468-4DF2-9189-AAA76BEFD6CA}.Debug|x86.ActiveCfg = Debug|Win32
		{5CA69460-8468-4DF2-9189-AAA76BEFD6CA}.Debug|x86.Build.0 = Debug|Win32
		{5CA69460-8468-4DF2-9189-AAA76BEFD6CA}.Release|x64.ActiveCfg = Release|x64
		{5CA69460-8468-4DF2-9189-AAA76BEFD6CA}.Release|x64.Build.0 = Release|x64
		{5CA69460-8468-4DF2-9189-AAA76BEFD6CA}.Release|x86.ActiveCfg = Release|Win32
		{5CA69460-8468-4DF2-9189-AAA76BEFD6CA}.Release|x86.Build.0 = Release|Win32
		{DCD3362B-DA0D-4A18-AC25-995F07AB7AC0}.Debug|x64.ActiveCfg = Debug|x64
		{DCD3362B-DA0D-4A18-AC25-995F07AB7AC0}.Debug|x64.Build.0 = Debug|x64
		{DCD3362B-DA0D-4A18-AC25-995F07AB7AC0}.Debug|x86.ActiveCfg = Debug|Win32
		{DCD3362B-DA0D-4A18-AC25-995F07AB7AC0}.Debug|x86.Build.0 = Debug|Win32
		{DCD3362B-DA0D-4A18-AC25-995F07AB7AC0}.Release|x64.ActiveCfg = Release|x64
		{DCD3362B-DA0D-4A18-AC25-995F07AB7AC0}.Release|x64.Build.0 = Release|x64
		{DCD3362B-DA0D-4A18-AC25-995F07AB7AC0}.Release|x86.ActiveCfg = Release|Win32
		{DCD3362B-DA0D-4A18-AC25-995F07AB7AC0}.Release|x86.Build.0 = Release|Win32
		{E93C79C9-3A60-4248-8A69-59B9A3DCC1F6}.Debug|x64.ActiveCfg = Debug|x64
		{E93C79C9-3A60-4248-8A69-59B9A3DCC1F6}.Debug|x64.Build.0 = Debug|x64
		{E93C79C9-3A60-4248-8A69-59B9A3DCC1F6}.Debug|x86.ActiveCfg = Debug|Win32
		{E93C79C9-3A60-4248-8A69-59B9A3DCC1F6}.Debug|x86.Build.0 = Debug|Win32
		{E93C79C9-3A60-4248-8A69-59B9A3DCC1F6}.Release|x64.ActiveCfg = Release|x64
		{E93C79C9-3A60-4248-8A69-59B9A3DCC1F6}.Release|x64.Build.0 = Release|x64
		{E93C79C9-3A60-4248-8A69-59B9A3DCC1F6}.Release|x86.ActiveCfg = Release|Win32
		{E93C79C9-3A60-4248-8A69-59B9A3DCC1F6}.Release|x86.Build.0 = Release|Win32
		{B7C6B14A-C9B9-4F98-BE37-6954633AAD64}.Debug|x64.ActiveCfg = Debug|x64
		{B7C6B14A-C9B9-4F98-BE37-6954633AAD64}.Debug|x64.Build.0 = Debug|x64
		{B7C6B14A-C9B9-4F98-BE37-6954633AAD64}.Debug|x86.ActiveCfg = Debug|Win32
		{B7C6B14A-C9B9-4F98-BE37-6954633AAD64}.Debug|x86.Build.0 = Debug|Win32
		{B7C6B14A-C9B9-4F98-BE37-6954633AAD64}.Release|x64.ActiveCfg = Release|x64
		{B7C6B14A-C9B9-4F98-BE37-6954633AAD64}.Release|x64.Build.0 = Release|x64
		{B7C6B14A-C9B9-4F98-BE37-6954633AAD64}.Release|x86.ActiveCfg = Release|Win32
		{B7C6B14A-C9B9-4F98-BE37-6954633AAD64}.Release|x86.Build.0 = Release|Win32
		{915E9C32-EC37-4837-9C59-D045C9E8F438}.Debug|x64.ActiveCfg = Debug|x64
		{915E9C32-EC37-4837-9C59-D045C9E8F438}.Debug|x64.Build.0 = Debug|x64
		{915E9C32-EC37-4837-9C59-D045C9E8F438}.Debug|x86.ActiveCfg = Debug|Win32
		{915E9C32-EC37-4837-9C59-D045C9E8F438}.Debug|x86.Build.0 = Debug|Win32
		{915E9C32-EC37-4837-9C59-D045C9E8F438}.Release|x64.ActiveCfg = Release|x64
		{915E9C32-EC37-4837-9C59-D045C9E8F438}.Release|x64.Build.0 = Release|x64
		{915E9C32-EC37-4837-9C59-D045C9E8F438}.Release|x86.ActiveCfg = Release|Win32
		{915E9C32-EC37-4837-9C59-D045C9E8F438}.Release|x86.Build.0 = Release|Win32
		{975F6975-9D89-485C-A905-20BA7C6EAB23}.Debug|x64.ActiveCfg = Debug|x64
		{975F6975-9D89-485C-A905-20BA7C6EAB23}.Debug|x64.Build.0 = Debug|x64
		{975F6975-9D89-485C-A905-20BA7C6EAB23}.Debug|x86.ActiveCfg = Debug|Win32
		{975F6975-9D89-485C-A905-20BA7C6EAB23}.Debug|x86.Build.0 = Debug|Win32
		{975F6975-9D89-485C-A905-20BA7C6EAB23}.Release|x64.ActiveCfg = Release|x64
		{975F6975-9D89-485C-A905-20BA7C6EAB23}.Release|x64.Build.0 = Release|x64
		{975F6975-9D89-485C-A905-20BA7C6EAB23}.Release|x86.ActiveCfg = Release|Win32
		{975F6975-9D89-485C-A905-20BA7C6EAB23}.Release|x86.Build.0 = Release|Win32
		{DFC9EE65-E916-4F61-B6B5-123FA1032A68}.Debug|x64.ActiveCfg = Debug|x64
		{DFC9EE65-E916-4F61-B6B5-123FA1032A68}.Debug|x64.Build.0 = Debug|x64
		{DFC9EE65-E916-4F61-B6B5-123FA1032A68}.Debug|x86.ActiveCfg = Debug|Win32
		{DFC9EE65-E916-4F61-B6B5-123FA1032A68}.Debug|x86.Build.0 = Debug|Win32
		{DFC9EE65-E916-4F61-B6B5-123FA1032A68}.Release|x64.ActiveCfg = Release|x64
		{DFC9EE65-E916-4F61-B6B5-123FA1032A68}.Release|x64.Build.0 = Release|x64
		{DFC9EE65-E916-4F61-B6B5-123FA1032A68}.Release|x86.ActiveCfg = Release|Win32
		{DFC9EE65-E916-4F61-B6B5-123FA1032A68}.Release|x86.Build.0 = Release|Win32
	EndGlobalSection
	GlobalSection(SolutionProperties) = preSolution
		HideSolutionNode = FALSE
	EndGlobalSection
	GlobalSection(ExtensibilityGlobals) = postSolution
		SolutionGuid = {28B0C40C-C5FC-4D04-8CE6-DA93A6D9C143}
	EndGlobalSection
EndGlobal
